
Microsoft Visual Studio Solution File, Format Version 12.00
# Visual Studio Version 16
VisualStudioVersion = 16.0.31624.102
MinimumVisualStudioVersion = 10.0.40219.1
Project("{FAE04EC0-301F-11D3-BF4B-00C04F79EFBC}") = "ConsoleTestUI", "ConsoleTestUI\ConsoleTestUI.csproj", "{4153192D-A704-42F5-9153-120958206D87}"
EndProject
Project("{FAE04EC0-301F-11D3-BF4B-00C04F79EFBC}") = "ZAccessDemo", "AccessDemo\ZAccessDemo.csproj", "{F68B87AB-BDD2-448B-B2EC-D48EF9607DFA}"
EndProject
Global
	GlobalSection(SolutionConfigurationPlatforms) = preSolution
		Debug|Any CPU = Debug|Any CPU
		Release|Any CPU = Release|Any CPU
	EndGlobalSection
	GlobalSection(ProjectConfigurationPlatforms) = postSolution
		{4153192D-A704-42F5-9153-120958206D87}.Debug|Any CPU.ActiveCfg = Debug|Any CPU
		{4153192D-A704-42F5-9153-120958206D87}.Debug|Any CPU.Build.0 = Debug|Any CPU
		{4153192D-A704-42F5-9153-120958206D87}.Release|Any CPU.ActiveCfg = Release|Any CPU
		{4153192D-A704-42F5-9153-120958206D87}.Release|Any CPU.Build.0 = Release|Any CPU
		{F68B87AB-BDD2-448B-B2EC-D48EF9607DFA}.Debug|Any CPU.ActiveCfg = Debug|Any CPU
		{F68B87AB-BDD2-448B-B2EC-D48EF9607DFA}.Debug|Any CPU.Build.0 = Debug|Any CPU
		{F68B87AB-BDD2-448B-B2EC-D48EF9607DFA}.Release|Any CPU.ActiveCfg = Release|Any CPU
		{F68B87AB-BDD2-448B-B2EC-D48EF9607DFA}.Release|Any CPU.Build.0 = Release|Any CPU
	EndGlobalSection
	GlobalSection(SolutionProperties) = preSolution
		HideSolutionNode = FALSE
	EndGlobalSection
	GlobalSection(ExtensibilityGlobals) = postSolution
		SolutionGuid = {D32CB05D-09D9-4B42-AFBA-79928FA0F998}
	EndGlobalSection
EndGlobal
